
Microsoft Visual Studio Solution File, Format Version 11.00
# Visual Studio 2010
Project("{FAE04EC0-301F-11D3-BF4B-00C04F79EFBC}") = "!!Run!!", "Assembly-CSharp.csproj", "{629ACF89-F4E8-338F-B6C3-519A847ECAFC}"
EndProject
Global
	GlobalSection(SolutionConfigurationPlatforms) = preSolution
		Debug|Any CPU = Debug|Any CPU
		Release|Any CPU = Release|Any CPU
	EndGlobalSection
	GlobalSection(ProjectConfigurationPlatforms) = postSolution
		{629ACF89-F4E8-338F-B6C3-519A847ECAFC}.Debug|Any CPU.ActiveCfg = Debug|Any CPU
		{629ACF89-F4E8-338F-B6C3-519A847ECAFC}.Debug|Any CPU.Build.0 = Debug|Any CPU
		{629ACF89-F4E8-338F-B6C3-519A847ECAFC}.Release|Any CPU.ActiveCfg = Release|Any CPU
		{629ACF89-F4E8-338F-B6C3-519A847ECAFC}.Release|Any CPU.Build.0 = Release|Any CPU
	EndGlobalSection
	GlobalSection(SolutionProperties) = preSolution
		HideSolutionNode = FALSE
	EndGlobalSection
	GlobalSection(MonoDevelopProperties) = preSolution
		StartupItem = Assembly-CSharp.csproj
	EndGlobalSection
EndGlobal
